
Microsoft Visual Studio Solution File, Format Version 12.00
# Visual Studio 2013
VisualStudioVersion = 12.0.21005.1
MinimumVisualStudioVersion = 10.0.40219.1
Project("{FAE04EC0-301F-11D3-BF4B-00C04F79EFBC}") = "Invasion", "Invasion.csproj", "{17FF5078-AF2D-4FA1-B1AE-A7DD3360673F}"
EndProject
Project("{FAE04EC0-301F-11D3-BF4B-00C04F79EFBC}") = "InvasionContent", "..\InvasionContent\InvasionContent.contentproj", "{7A8C05E5-7847-4EC2-B01E-037E80C34D13}"
EndProject
Global
	GlobalSection(SolutionConfigurationPlatforms) = preSolution
		Debug|x86 = Debug|x86
		Release|x86 = Release|x86
	EndGlobalSection
	GlobalSection(ProjectConfigurationPlatforms) = postSolution
		{17FF5078-AF2D-4FA1-B1AE-A7DD3360673F}.Debug|x86.ActiveCfg = Debug|x86
		{17FF5078-AF2D-4FA1-B1AE-A7DD3360673F}.Debug|x86.Build.0 = Debug|x86
		{17FF5078-AF2D-4FA1-B1AE-A7DD3360673F}.Release|x86.ActiveCfg = Release|x86
		{17FF5078-AF2D-4FA1-B1AE-A7DD3360673F}.Release|x86.Build.0 = Release|x86
		{7A8C05E5-7847-4EC2-B01E-037E80C34D13}.Debug|x86.ActiveCfg = Debug|x86
		{7A8C05E5-7847-4EC2-B01E-037E80C34D13}.Release|x86.ActiveCfg = Release|x86
	EndGlobalSection
	GlobalSection(SolutionProperties) = preSolution
		HideSolutionNode = FALSE
	EndGlobalSection
	GlobalSection(Performance) = preSolution
		HasPerformanceSessions = true
	EndGlobalSection
EndGlobal
